
Microsoft Visual Studio Solution File, Format Version 12.00
# Visual Studio Version 17
VisualStudioVersion = 17.11.35327.3
MinimumVisualStudioVersion = 10.0.40219.1
Project("{FAE04EC0-301F-11D3-BF4B-00C04F79EFBC}") = "u23689197_HW03", "u23689197_HW03.csproj", "{B1493F04-4AF9-42C4-961C-004D70F7040F}"
EndProject
Global
	GlobalSection(SolutionConfigurationPlatforms) = preSolution
		Debug|Any CPU = Debug|Any CPU
		Release|Any CPU = Release|Any CPU
	EndGlobalSection
	GlobalSection(ProjectConfigurationPlatforms) = postSolution
		{B1493F04-4AF9-42C4-961C-004D70F7040F}.Debug|Any CPU.ActiveCfg = Debug|Any CPU
		{B1493F04-4AF9-42C4-961C-004D70F7040F}.Debug|Any CPU.Build.0 = Debug|Any CPU
		{B1493F04-4AF9-42C4-961C-004D70F7040F}.Release|Any CPU.ActiveCfg = Release|Any CPU
		{B1493F04-4AF9-42C4-961C-004D70F7040F}.Release|Any CPU.Build.0 = Release|Any CPU
	EndGlobalSection
	GlobalSection(SolutionProperties) = preSolution
		HideSolutionNode = FALSE
	EndGlobalSection
	GlobalSection(ExtensibilityGlobals) = postSolution
		SolutionGuid = {F7CD8211-550F-4396-B2EB-511682590C91}
	EndGlobalSection
EndGlobal
